
Microsoft Visual Studio Solution File, Format Version 12.00
# Visual Studio Version 17
VisualStudioVersion = 17.5.33502.453
MinimumVisualStudioVersion = 10.0.40219.1
Project("{FAE04EC0-301F-11D3-BF4B-00C04F79EFBC}") = "TRMDataManager", "TRMDataManager\TRMDataManager.csproj", "{D42D97CB-7091-4FA8-AB30-2AAB54C8236E}"
EndProject
Global
	GlobalSection(SolutionConfigurationPlatforms) = preSolution
		Debug|Any CPU = Debug|Any CPU
		Release|Any CPU = Release|Any CPU
	EndGlobalSection
	GlobalSection(ProjectConfigurationPlatforms) = postSolution
		{D42D97CB-7091-4FA8-AB30-2AAB54C8236E}.Debug|Any CPU.ActiveCfg = Debug|Any CPU
		{D42D97CB-7091-4FA8-AB30-2AAB54C8236E}.Debug|Any CPU.Build.0 = Debug|Any CPU
		{D42D97CB-7091-4FA8-AB30-2AAB54C8236E}.Release|Any CPU.ActiveCfg = Release|Any CPU
		{D42D97CB-7091-4FA8-AB30-2AAB54C8236E}.Release|Any CPU.Build.0 = Release|Any CPU
	EndGlobalSection
	GlobalSection(SolutionProperties) = preSolution
		HideSolutionNode = FALSE
	EndGlobalSection
	GlobalSection(ExtensibilityGlobals) = postSolution
		SolutionGuid = {B09FC950-F97F-4869-AF2B-14C03CE2848F}
	EndGlobalSection
EndGlobal
